
Microsoft Visual Studio Solution File, Format Version 12.00
# Visual Studio Version 17
VisualStudioVersion = 17.9.34622.214
MinimumVisualStudioVersion = 10.0.40219.1
Project("{FAE04EC0-301F-11D3-BF4B-00C04F79EFBC}") = "Login_wpf", "Login_wpf\Login_wpf.csproj", "{1323F52F-FC4C-4ECC-93C0-166FE1700E2D}"
EndProject
Global
	GlobalSection(SolutionConfigurationPlatforms) = preSolution
		Debug|Any CPU = Debug|Any CPU
		Release|Any CPU = Release|Any CPU
	EndGlobalSection
	GlobalSection(ProjectConfigurationPlatforms) = postSolution
		{1323F52F-FC4C-4ECC-93C0-166FE1700E2D}.Debug|Any CPU.ActiveCfg = Debug|Any CPU
		{1323F52F-FC4C-4ECC-93C0-166FE1700E2D}.Debug|Any CPU.Build.0 = Debug|Any CPU
		{1323F52F-FC4C-4ECC-93C0-166FE1700E2D}.Release|Any CPU.ActiveCfg = Release|Any CPU
		{1323F52F-FC4C-4ECC-93C0-166FE1700E2D}.Release|Any CPU.Build.0 = Release|Any CPU
	EndGlobalSection
	GlobalSection(SolutionProperties) = preSolution
		HideSolutionNode = FALSE
	EndGlobalSection
	GlobalSection(ExtensibilityGlobals) = postSolution
		SolutionGuid = {6A20C284-4F8F-4404-9AE9-21E3595F84AD}
	EndGlobalSection
EndGlobal
